
Microsoft Visual Studio Solution File, Format Version 12.00
# Visual Studio Version 17
VisualStudioVersion = 17.14.36301.6 d17.14
MinimumVisualStudioVersion = 10.0.40219.1
Project("{FAE04EC0-301F-11D3-BF4B-00C04F79EFBC}") = "StudentAppAuth", "StudentAppAuth\StudentAppAuth.csproj", "{45244438-51F0-4A22-AD5B-94D98639F174}"
EndProject
Global
	GlobalSection(SolutionConfigurationPlatforms) = preSolution
		Debug|Any CPU = Debug|Any CPU
		Release|Any CPU = Release|Any CPU
	EndGlobalSection
	GlobalSection(ProjectConfigurationPlatforms) = postSolution
		{45244438-51F0-4A22-AD5B-94D98639F174}.Debug|Any CPU.ActiveCfg = Debug|Any CPU
		{45244438-51F0-4A22-AD5B-94D98639F174}.Debug|Any CPU.Build.0 = Debug|Any CPU
		{45244438-51F0-4A22-AD5B-94D98639F174}.Release|Any CPU.ActiveCfg = Release|Any CPU
		{45244438-51F0-4A22-AD5B-94D98639F174}.Release|Any CPU.Build.0 = Release|Any CPU
	EndGlobalSection
	GlobalSection(SolutionProperties) = preSolution
		HideSolutionNode = FALSE
	EndGlobalSection
	GlobalSection(ExtensibilityGlobals) = postSolution
		SolutionGuid = {4736C07A-AE30-4568-B7FC-699F5910E0B1}
	EndGlobalSection
EndGlobal
